
Microsoft Visual Studio Solution File, Format Version 12.00
# Visual Studio Version 17
VisualStudioVersion = 17.3.32819.101
MinimumVisualStudioVersion = 10.0.40219.1
Project("{FAE04EC0-301F-11D3-BF4B-00C04F79EFBC}") = "ProjectManagement.WebMvc", "ProjectManagement.WebMvc\ProjectManagement.WebMvc.csproj", "{A0CCBB62-057C-4F5F-88BE-587326160084}"
EndProject
Global
	GlobalSection(SolutionConfigurationPlatforms) = preSolution
		Debug|Any CPU = Debug|Any CPU
		Release|Any CPU = Release|Any CPU
	EndGlobalSection
	GlobalSection(ProjectConfigurationPlatforms) = postSolution
		{A0CCBB62-057C-4F5F-88BE-587326160084}.Debug|Any CPU.ActiveCfg = Debug|Any CPU
		{A0CCBB62-057C-4F5F-88BE-587326160084}.Debug|Any CPU.Build.0 = Debug|Any CPU
		{A0CCBB62-057C-4F5F-88BE-587326160084}.Release|Any CPU.ActiveCfg = Release|Any CPU
		{A0CCBB62-057C-4F5F-88BE-587326160084}.Release|Any CPU.Build.0 = Release|Any CPU
	EndGlobalSection
	GlobalSection(SolutionProperties) = preSolution
		HideSolutionNode = FALSE
	EndGlobalSection
	GlobalSection(ExtensibilityGlobals) = postSolution
		SolutionGuid = {1103EE20-1C12-4F99-9EDA-68B38600BFDB}
	EndGlobalSection
EndGlobal
